
Microsoft Visual Studio Solution File, Format Version 12.00
Project("{2150E333-8FDC-42A3-9474-1A3956D46DE8}") = "src", "src", "{FF1A3F3F-8508-46F4-BED7-83BB093A77DB}"
	ProjectSection(SolutionItems) = preProject
		src\dúvidas.txt = src\dúvidas.txt
	EndProjectSection
EndProject
Project("{2150E333-8FDC-42A3-9474-1A3956D46DE8}") = "tests", "tests", "{B3E7E556-C8BD-4228-8172-CAB3FACC67CC}"
EndProject
Project("{FAE04EC0-301F-11D3-BF4B-00C04F79EFBC}") = "Loto.API", "src\Loto.API\Loto.API.csproj", "{C656167B-9224-46F8-BFD8-4A1C2AD0092C}"
EndProject
Project("{FAE04EC0-301F-11D3-BF4B-00C04F79EFBC}") = "Loto.Domain", "src\Loto.Domain\Loto.Domain.csproj", "{536BD53B-2E82-475D-9E86-440053635673}"
EndProject
Project("{FAE04EC0-301F-11D3-BF4B-00C04F79EFBC}") = "Loto.Application", "src\Loto.Application\Loto.Application.csproj", "{126B5846-DB10-4D8E-9972-7B6AA8C52A6F}"
EndProject
Project("{FAE04EC0-301F-11D3-BF4B-00C04F79EFBC}") = "Loto.Communication", "src\Loto.Communication\Loto.Communication.csproj", "{3E8B528F-6EE1-48DB-8B4F-BB5E4E723D48}"
EndProject
Project("{FAE04EC0-301F-11D3-BF4B-00C04F79EFBC}") = "Loto.Exception", "src\Loto.Exception\Loto.Exception.csproj", "{FCDB4F79-5935-4574-9EBA-ACE216D3FB06}"
EndProject
Project("{FAE04EC0-301F-11D3-BF4B-00C04F79EFBC}") = "Loto.Infrastructure", "src\Loto.Infrastructure\Loto.Infrastructure.csproj", "{ADA74223-9FD7-4E5F-B7A0-3C8E62D0B0F7}"
EndProject
Global
	GlobalSection(SolutionConfigurationPlatforms) = preSolution
		Debug|Any CPU = Debug|Any CPU
		Release|Any CPU = Release|Any CPU
	EndGlobalSection
	GlobalSection(NestedProjects) = preSolution
		{C656167B-9224-46F8-BFD8-4A1C2AD0092C} = {FF1A3F3F-8508-46F4-BED7-83BB093A77DB}
		{536BD53B-2E82-475D-9E86-440053635673} = {FF1A3F3F-8508-46F4-BED7-83BB093A77DB}
		{126B5846-DB10-4D8E-9972-7B6AA8C52A6F} = {FF1A3F3F-8508-46F4-BED7-83BB093A77DB}
		{3E8B528F-6EE1-48DB-8B4F-BB5E4E723D48} = {FF1A3F3F-8508-46F4-BED7-83BB093A77DB}
		{FCDB4F79-5935-4574-9EBA-ACE216D3FB06} = {FF1A3F3F-8508-46F4-BED7-83BB093A77DB}
		{ADA74223-9FD7-4E5F-B7A0-3C8E62D0B0F7} = {FF1A3F3F-8508-46F4-BED7-83BB093A77DB}
	EndGlobalSection
	GlobalSection(ProjectConfigurationPlatforms) = postSolution
		{C656167B-9224-46F8-BFD8-4A1C2AD0092C}.Debug|Any CPU.ActiveCfg = Debug|Any CPU
		{C656167B-9224-46F8-BFD8-4A1C2AD0092C}.Debug|Any CPU.Build.0 = Debug|Any CPU
		{C656167B-9224-46F8-BFD8-4A1C2AD0092C}.Release|Any CPU.ActiveCfg = Release|Any CPU
		{C656167B-9224-46F8-BFD8-4A1C2AD0092C}.Release|Any CPU.Build.0 = Release|Any CPU
		{536BD53B-2E82-475D-9E86-440053635673}.Debug|Any CPU.ActiveCfg = Debug|Any CPU
		{536BD53B-2E82-475D-9E86-440053635673}.Debug|Any CPU.Build.0 = Debug|Any CPU
		{536BD53B-2E82-475D-9E86-440053635673}.Release|Any CPU.ActiveCfg = Release|Any CPU
		{536BD53B-2E82-475D-9E86-440053635673}.Release|Any CPU.Build.0 = Release|Any CPU
		{126B5846-DB10-4D8E-9972-7B6AA8C52A6F}.Debug|Any CPU.ActiveCfg = Debug|Any CPU
		{126B5846-DB10-4D8E-9972-7B6AA8C52A6F}.Debug|Any CPU.Build.0 = Debug|Any CPU
		{126B5846-DB10-4D8E-9972-7B6AA8C52A6F}.Release|Any CPU.ActiveCfg = Release|Any CPU
		{126B5846-DB10-4D8E-9972-7B6AA8C52A6F}.Release|Any CPU.Build.0 = Release|Any CPU
		{3E8B528F-6EE1-48DB-8B4F-BB5E4E723D48}.Debug|Any CPU.ActiveCfg = Debug|Any CPU
		{3E8B528F-6EE1-48DB-8B4F-BB5E4E723D48}.Debug|Any CPU.Build.0 = Debug|Any CPU
		{3E8B528F-6EE1-48DB-8B4F-BB5E4E723D48}.Release|Any CPU.ActiveCfg = Release|Any CPU
		{3E8B528F-6EE1-48DB-8B4F-BB5E4E723D48}.Release|Any CPU.Build.0 = Release|Any CPU
		{FCDB4F79-5935-4574-9EBA-ACE216D3FB06}.Debug|Any CPU.ActiveCfg = Debug|Any CPU
		{FCDB4F79-5935-4574-9EBA-ACE216D3FB06}.Debug|Any CPU.Build.0 = Debug|Any CPU
		{FCDB4F79-5935-4574-9EBA-ACE216D3FB06}.Release|Any CPU.ActiveCfg = Release|Any CPU
		{FCDB4F79-5935-4574-9EBA-ACE216D3FB06}.Release|Any CPU.Build.0 = Release|Any CPU
		{ADA74223-9FD7-4E5F-B7A0-3C8E62D0B0F7}.Debug|Any CPU.ActiveCfg = Debug|Any CPU
		{ADA74223-9FD7-4E5F-B7A0-3C8E62D0B0F7}.Debug|Any CPU.Build.0 = Debug|Any CPU
		{ADA74223-9FD7-4E5F-B7A0-3C8E62D0B0F7}.Release|Any CPU.ActiveCfg = Release|Any CPU
		{ADA74223-9FD7-4E5F-B7A0-3C8E62D0B0F7}.Release|Any CPU.Build.0 = Release|Any CPU
	EndGlobalSection
EndGlobal
